// !$*UTF8*$!
{
	archiveVersion = 1;
	classes = {
	};
	objectVersion = 50;
	objects = {

/* Begin PBXBuildFile section */
		224BC0CD224341B000E30FD7 /* AppDelegate.swift in Sources */ = {isa = PBXBuildFile; fileRef = 224BC0CC224341B000E30FD7 /* AppDelegate.swift */; };
		224BC0CF224341B000E30FD7 /* ViewController.swift in Sources */ = {isa = PBXBuildFile; fileRef = 224BC0CE224341B000E30FD7 /* ViewController.swift */; };
		224BC0D2224341B000E30FD7 /* Main.storyboard in Resources */ = {isa = PBXBuildFile; fileRef = 224BC0D0224341B000E30FD7 /* Main.storyboard */; };
		224BC0D4224341B100E30FD7 /* Assets.xcassets in Resources */ = {isa = PBXBuildFile; fileRef = 224BC0D3224341B100E30FD7 /* Assets.xcassets */; };
		224BC0D7224341B100E30FD7 /* LaunchScreen.storyboard in Resources */ = {isa = PBXBuildFile; fileRef = 224BC0D5224341B100E30FD7 /* LaunchScreen.storyboard */; };
		224BC0DF224341BC00E30FD7 /* FlowView.swift in Sources */ = {isa = PBXBuildFile; fileRef = 224BC0DE224341BC00E30FD7 /* FlowView.swift */; };
		224BC0F3224397FC00E30FD7 /* ContactLeadCardHighlightView.xib in Resources */ = {isa = PBXBuildFile; fileRef = 224BC0E1224397FC00E30FD7 /* ContactLeadCardHighlightView.xib */; };
		224BC0F4224397FC00E30FD7 /* LeadCountView.swift in Sources */ = {isa = PBXBuildFile; fileRef = 224BC0E2224397FC00E30FD7 /* LeadCountView.swift */; };
		224BC0F5224397FC00E30FD7 /* ContactLeadHighlightView.swift in Sources */ = {isa = PBXBuildFile; fileRef = 224BC0E3224397FC00E30FD7 /* ContactLeadHighlightView.swift */; };
		224BC0F6224397FC00E30FD7 /* ContactLeadNewCellSimple.xib in Resources */ = {isa = PBXBuildFile; fileRef = 224BC0E4224397FC00E30FD7 /* ContactLeadNewCellSimple.xib */; };
		224BC0F7224397FC00E30FD7 /* LeadCountView.xib in Resources */ = {isa = PBXBuildFile; fileRef = 224BC0E5224397FC00E30FD7 /* LeadCountView.xib */; };
		224BC0F8224397FC00E30FD7 /* ContactLeadNewCell.xib in Resources */ = {isa = PBXBuildFile; fileRef = 224BC0E6224397FC00E30FD7 /* ContactLeadNewCell.xib */; };
		224BC0F9224397FC00E30FD7 /* ContactLeadHighlightView.xib in Resources */ = {isa = PBXBuildFile; fileRef = 224BC0E7224397FC00E30FD7 /* ContactLeadHighlightView.xib */; };
		224BC0FA224397FC00E30FD7 /* ContactLeadCardIconsView.swift in Sources */ = {isa = PBXBuildFile; fileRef = 224BC0E8224397FC00E30FD7 /* ContactLeadCardIconsView.swift */; };
		224BC0FB224397FC00E30FD7 /* AIATagView.xib in Resources */ = {isa = PBXBuildFile; fileRef = 224BC0E9224397FC00E30FD7 /* AIATagView.xib */; };
		224BC0FC224397FC00E30FD7 /* ContactLeadReminderRowView.swift in Sources */ = {isa = PBXBuildFile; fileRef = 224BC0EA224397FC00E30FD7 /* ContactLeadReminderRowView.swift */; };
		224BC0FD224397FC00E30FD7 /* ContactLeadAppointmentRowView.xib in Resources */ = {isa = PBXBuildFile; fileRef = 224BC0EB224397FC00E30FD7 /* ContactLeadAppointmentRowView.xib */; };
		224BC0FE224397FC00E30FD7 /* ContactLeadNewCell.swift in Sources */ = {isa = PBXBuildFile; fileRef = 224BC0EC224397FC00E30FD7 /* ContactLeadNewCell.swift */; };
		224BC0FF224397FC00E30FD7 /* AIATagView.swift in Sources */ = {isa = PBXBuildFile; fileRef = 224BC0ED224397FC00E30FD7 /* AIATagView.swift */; };
		224BC100224397FC00E30FD7 /* ContactLeadReminderRowView.xib in Resources */ = {isa = PBXBuildFile; fileRef = 224BC0EE224397FC00E30FD7 /* ContactLeadReminderRowView.xib */; };
		224BC101224397FC00E30FD7 /* ContactLeadAppointmentRowView.swift in Sources */ = {isa = PBXBuildFile; fileRef = 224BC0EF224397FC00E30FD7 /* ContactLeadAppointmentRowView.swift */; };
		224BC102224397FC00E30FD7 /* ContactLeadNewCell_back.xib in Resources */ = {isa = PBXBuildFile; fileRef = 224BC0F0224397FC00E30FD7 /* ContactLeadNewCell_back.xib */; };
		224BC103224397FC00E30FD7 /* ContactLeadCardHighlightView.swift in Sources */ = {isa = PBXBuildFile; fileRef = 224BC0F1224397FC00E30FD7 /* ContactLeadCardHighlightView.swift */; };
		224BC104224397FC00E30FD7 /* ContactLeadCardIconsView.xib in Resources */ = {isa = PBXBuildFile; fileRef = 224BC0F2224397FC00E30FD7 /* ContactLeadCardIconsView.xib */; };
		224BC1072243999200E30FD7 /* NibDesignable.swift in Sources */ = {isa = PBXBuildFile; fileRef = 224BC1062243999200E30FD7 /* NibDesignable.swift */; };
		224BC11E224399CA00E30FD7 /* AIAEnums.swift in Sources */ = {isa = PBXBuildFile; fileRef = 224BC109224399CA00E30FD7 /* AIAEnums.swift */; };
		224BC11F224399CA00E30FD7 /* AIATimeIntervalFormats.swift in Sources */ = {isa = PBXBuildFile; fileRef = 224BC10A224399CA00E30FD7 /* AIATimeIntervalFormats.swift */; };
		224BC120224399CA00E30FD7 /* AIAMetrics.swift in Sources */ = {isa = PBXBuildFile; fileRef = 224BC10B224399CA00E30FD7 /* AIAMetrics.swift */; };
		224BC121224399CA00E30FD7 /* AIAColors.swift in Sources */ = {isa = PBXBuildFile; fileRef = 224BC10C224399CA00E30FD7 /* AIAColors.swift */; };
		224BC122224399CA00E30FD7 /* AIANumbers.swift in Sources */ = {isa = PBXBuildFile; fileRef = 224BC10D224399CA00E30FD7 /* AIANumbers.swift */; };
		224BC123224399CA00E30FD7 /* AIADateFormats.swift in Sources */ = {isa = PBXBuildFile; fileRef = 224BC10E224399CA00E30FD7 /* AIADateFormats.swift */; };
		224BC124224399CA00E30FD7 /* UIColor+Extension.swift in Sources */ = {isa = PBXBuildFile; fileRef = 224BC110224399CA00E30FD7 /* UIColor+Extension.swift */; };
		224BC125224399CA00E30FD7 /* UIView+Extension.swift in Sources */ = {isa = PBXBuildFile; fileRef = 224BC111224399CA00E30FD7 /* UIView+Extension.swift */; };
		224BC126224399CA00E30FD7 /* UIControl+Extension.swift in Sources */ = {isa = PBXBuildFile; fileRef = 224BC112224399CA00E30FD7 /* UIControl+Extension.swift */; };
		224BC127224399CA00E30FD7 /* String+Extension.swift in Sources */ = {isa = PBXBuildFile; fileRef = 224BC113224399CA00E30FD7 /* String+Extension.swift */; };
		224BC128224399CA00E30FD7 /* ContactLeadModel.swift in Sources */ = {isa = PBXBuildFile; fileRef = 224BC115224399CA00E30FD7 /* ContactLeadModel.swift */; };
		224BC129224399CA00E30FD7 /* CaseInsenstiveAlphaNumericsStringEnum.swift in Sources */ = {isa = PBXBuildFile; fileRef = 224BC117224399CA00E30FD7 /* CaseInsenstiveAlphaNumericsStringEnum.swift */; };
		224BC12A224399CA00E30FD7 /* AssociatedObjectUtility.swift in Sources */ = {isa = PBXBuildFile; fileRef = 224BC118224399CA00E30FD7 /* AssociatedObjectUtility.swift */; };
		224BC12B224399CA00E30FD7 /* CaseInsensitiveStringEnum.swift in Sources */ = {isa = PBXBuildFile; fileRef = 224BC119224399CA00E30FD7 /* CaseInsensitiveStringEnum.swift */; };
		224BC12C224399CA00E30FD7 /* StringEnum.swift in Sources */ = {isa = PBXBuildFile; fileRef = 224BC11A224399CA00E30FD7 /* StringEnum.swift */; };
		224BC12D224399CA00E30FD7 /* CaseInsensitiveWithoutSpaceStringEnum.swift in Sources */ = {isa = PBXBuildFile; fileRef = 224BC11B224399CA00E30FD7 /* CaseInsensitiveWithoutSpaceStringEnum.swift */; };
		224BC12E224399CA00E30FD7 /* CollectionViewAutoHeightService.swift in Sources */ = {isa = PBXBuildFile; fileRef = 224BC11C224399CA00E30FD7 /* CollectionViewAutoHeightService.swift */; };
		224BC12F224399CA00E30FD7 /* ComparableEnum.swift in Sources */ = {isa = PBXBuildFile; fileRef = 224BC11D224399CA00E30FD7 /* ComparableEnum.swift */; };
		BB414CE6CCDF15F48CE75072 /* Pods_GridView.framework in Frameworks */ = {isa = PBXBuildFile; fileRef = E487EE3977F634B9824DD3F8 /* Pods_GridView.framework */; };
/* End PBXBuildFile section */

/* Begin PBXFileReference section */
		224BC0C9224341B000E30FD7 /* GridView.app */ = {isa = PBXFileReference; explicitFileType = wrapper.application; includeInIndex = 0; path = GridView.app; sourceTree = BUILT_PRODUCTS_DIR; };
		224BC0CC224341B000E30FD7 /* AppDelegate.swift */ = {isa = PBXFileReference; lastKnownFileType = sourcecode.swift; path = AppDelegate.swift; sourceTree = "<group>"; };
		224BC0CE224341B000E30FD7 /* ViewController.swift */ = {isa = PBXFileReference; lastKnownFileType = sourcecode.swift; path = ViewController.swift; sourceTree = "<group>"; };
		224BC0D1224341B000E30FD7 /* Base */ = {isa = PBXFileReference; lastKnownFileType = file.storyboard; name = Base; path = Base.lproj/Main.storyboard; sourceTree = "<group>"; };
		224BC0D3224341B100E30FD7 /* Assets.xcassets */ = {isa = PBXFileReference; lastKnownFileType = folder.assetcatalog; path = Assets.xcassets; sourceTree = "<group>"; };
		224BC0D6224341B100E30FD7 /* Base */ = {isa = PBXFileReference; lastKnownFileType = file.storyboard; name = Base; path = Base.lproj/LaunchScreen.storyboard; sourceTree = "<group>"; };
		224BC0D8224341B100E30FD7 /* Info.plist */ = {isa = PBXFileReference; lastKnownFileType = text.plist.xml; path = Info.plist; sourceTree = "<group>"; };
		224BC0DE224341BC00E30FD7 /* FlowView.swift */ = {isa = PBXFileReference; lastKnownFileType = sourcecode.swift; path = FlowView.swift; sourceTree = "<group>"; };
		224BC0E1224397FC00E30FD7 /* ContactLeadCardHighlightView.xib */ = {isa = PBXFileReference; fileEncoding = 4; lastKnownFileType = file.xib; path = ContactLeadCardHighlightView.xib; sourceTree = "<group>"; };
		224BC0E2224397FC00E30FD7 /* LeadCountView.swift */ = {isa = PBXFileReference; fileEncoding = 4; lastKnownFileType = sourcecode.swift; path = LeadCountView.swift; sourceTree = "<group>"; };
		224BC0E3224397FC00E30FD7 /* ContactLeadHighlightView.swift */ = {isa = PBXFileReference; fileEncoding = 4; lastKnownFileType = sourcecode.swift; path = ContactLeadHighlightView.swift; sourceTree = "<group>"; };
		224BC0E4224397FC00E30FD7 /* ContactLeadNewCellSimple.xib */ = {isa = PBXFileReference; fileEncoding = 4; lastKnownFileType = file.xib; path = ContactLeadNewCellSimple.xib; sourceTree = "<group>"; };
		224BC0E5224397FC00E30FD7 /* LeadCountView.xib */ = {isa = PBXFileReference; fileEncoding = 4; lastKnownFileType = file.xib; path = LeadCountView.xib; sourceTree = "<group>"; };
		224BC0E6224397FC00E30FD7 /* ContactLeadNewCell.xib */ = {isa = PBXFileReference; fileEncoding = 4; lastKnownFileType = file.xib; path = ContactLeadNewCell.xib; sourceTree = "<group>"; };
		224BC0E7224397FC00E30FD7 /* ContactLeadHighlightView.xib */ = {isa = PBXFileReference; fileEncoding = 4; lastKnownFileType = file.xib; path = ContactLeadHighlightView.xib; sourceTree = "<group>"; };
		224BC0E8224397FC00E30FD7 /* ContactLeadCardIconsView.swift */ = {isa = PBXFileReference; fileEncoding = 4; lastKnownFileType = sourcecode.swift; path = ContactLeadCardIconsView.swift; sourceTree = "<group>"; };
		224BC0E9224397FC00E30FD7 /* AIATagView.xib */ = {isa = PBXFileReference; fileEncoding = 4; lastKnownFileType = file.xib; path = AIATagView.xib; sourceTree = "<group>"; };
		224BC0EA224397FC00E30FD7 /* ContactLeadReminderRowView.swift */ = {isa = PBXFileReference; fileEncoding = 4; lastKnownFileType = sourcecode.swift; path = ContactLeadReminderRowView.swift; sourceTree = "<group>"; };
		224BC0EB224397FC00E30FD7 /* ContactLeadAppointmentRowView.xib */ = {isa = PBXFileReference; fileEncoding = 4; lastKnownFileType = file.xib; path = ContactLeadAppointmentRowView.xib; sourceTree = "<group>"; };
		224BC0EC224397FC00E30FD7 /* ContactLeadNewCell.swift */ = {isa = PBXFileReference; fileEncoding = 4; lastKnownFileType = sourcecode.swift; path = ContactLeadNewCell.swift; sourceTree = "<group>"; };
		224BC0ED224397FC00E30FD7 /* AIATagView.swift */ = {isa = PBXFileReference; fileEncoding = 4; lastKnownFileType = sourcecode.swift; path = AIATagView.swift; sourceTree = "<group>"; };
		224BC0EE224397FC00E30FD7 /* ContactLeadReminderRowView.xib */ = {isa = PBXFileReference; fileEncoding = 4; lastKnownFileType = file.xib; path = ContactLeadReminderRowView.xib; sourceTree = "<group>"; };
		224BC0EF224397FC00E30FD7 /* ContactLeadAppointmentRowView.swift */ = {isa = PBXFileReference; fileEncoding = 4; lastKnownFileType = sourcecode.swift; path = ContactLeadAppointmentRowView.swift; sourceTree = "<group>"; };
		224BC0F0224397FC00E30FD7 /* ContactLeadNewCell_back.xib */ = {isa = PBXFileReference; fileEncoding = 4; lastKnownFileType = file.xib; path = ContactLeadNewCell_back.xib; sourceTree = "<group>"; };
		224BC0F1224397FC00E30FD7 /* ContactLeadCardHighlightView.swift */ = {isa = PBXFileReference; fileEncoding = 4; lastKnownFileType = sourcecode.swift; path = ContactLeadCardHighlightView.swift; sourceTree = "<group>"; };
		224BC0F2224397FC00E30FD7 /* ContactLeadCardIconsView.xib */ = {isa = PBXFileReference; fileEncoding = 4; lastKnownFileType = file.xib; path = ContactLeadCardIconsView.xib; sourceTree = "<group>"; };
		224BC1062243999200E30FD7 /* NibDesignable.swift */ = {isa = PBXFileReference; fileEncoding = 4; lastKnownFileType = sourcecode.swift; path = NibDesignable.swift; sourceTree = "<group>"; };
		224BC109224399CA00E30FD7 /* AIAEnums.swift */ = {isa = PBXFileReference; fileEncoding = 4; lastKnownFileType = sourcecode.swift; path = AIAEnums.swift; sourceTree = "<group>"; };
		224BC10A224399CA00E30FD7 /* AIATimeIntervalFormats.swift */ = {isa = PBXFileReference; fileEncoding = 4; lastKnownFileType = sourcecode.swift; path = AIATimeIntervalFormats.swift; sourceTree = "<group>"; };
		224BC10B224399CA00E30FD7 /* AIAMetrics.swift */ = {isa = PBXFileReference; fileEncoding = 4; lastKnownFileType = sourcecode.swift; path = AIAMetrics.swift; sourceTree = "<group>"; };
		224BC10C224399CA00E30FD7 /* AIAColors.swift */ = {isa = PBXFileReference; fileEncoding = 4; lastKnownFileType = sourcecode.swift; path = AIAColors.swift; sourceTree = "<group>"; };
		224BC10D224399CA00E30FD7 /* AIANumbers.swift */ = {isa = PBXFileReference; fileEncoding = 4; lastKnownFileType = sourcecode.swift; path = AIANumbers.swift; sourceTree = "<group>"; };
		224BC10E224399CA00E30FD7 /* AIADateFormats.swift */ = {isa = PBXFileReference; fileEncoding = 4; lastKnownFileType = sourcecode.swift; path = AIADateFormats.swift; sourceTree = "<group>"; };
		224BC110224399CA00E30FD7 /* UIColor+Extension.swift */ = {isa = PBXFileReference; fileEncoding = 4; lastKnownFileType = sourcecode.swift; path = "UIColor+Extension.swift"; sourceTree = "<group>"; };
		224BC111224399CA00E30FD7 /* UIView+Extension.swift */ = {isa = PBXFileReference; fileEncoding = 4; lastKnownFileType = sourcecode.swift; path = "UIView+Extension.swift"; sourceTree = "<group>"; };
		224BC112224399CA00E30FD7 /* UIControl+Extension.swift */ = {isa = PBXFileReference; fileEncoding = 4; lastKnownFileType = sourcecode.swift; path = "UIControl+Extension.swift"; sourceTree = "<group>"; };
		224BC113224399CA00E30FD7 /* String+Extension.swift */ = {isa = PBXFileReference; fileEncoding = 4; lastKnownFileType = sourcecode.swift; path = "String+Extension.swift"; sourceTree = "<group>"; };
		224BC115224399CA00E30FD7 /* ContactLeadModel.swift */ = {isa = PBXFileReference; fileEncoding = 4; lastKnownFileType = sourcecode.swift; path = ContactLeadModel.swift; sourceTree = "<group>"; };
		224BC117224399CA00E30FD7 /* CaseInsenstiveAlphaNumericsStringEnum.swift */ = {isa = PBXFileReference; fileEncoding = 4; lastKnownFileType = sourcecode.swift; path = CaseInsenstiveAlphaNumericsStringEnum.swift; sourceTree = "<group>"; };
		224BC118224399CA00E30FD7 /* AssociatedObjectUtility.swift */ = {isa = PBXFileReference; fileEncoding = 4; lastKnownFileType = sourcecode.swift; path = AssociatedObjectUtility.swift; sourceTree = "<group>"; };
		224BC119224399CA00E30FD7 /* CaseInsensitiveStringEnum.swift */ = {isa = PBXFileReference; fileEncoding = 4; lastKnownFileType = sourcecode.swift; path = CaseInsensitiveStringEnum.swift; sourceTree = "<group>"; };
		224BC11A224399CA00E30FD7 /* StringEnum.swift */ = {isa = PBXFileReference; fileEncoding = 4; lastKnownFileType = sourcecode.swift; path = StringEnum.swift; sourceTree = "<group>"; };
		224BC11B224399CA00E30FD7 /* CaseInsensitiveWithoutSpaceStringEnum.swift */ = {isa = PBXFileReference; fileEncoding = 4; lastKnownFileType = sourcecode.swift; path = CaseInsensitiveWithoutSpaceStringEnum.swift; sourceTree = "<group>"; };
		224BC11C224399CA00E30FD7 /* CollectionViewAutoHeightService.swift */ = {isa = PBXFileReference; fileEncoding = 4; lastKnownFileType = sourcecode.swift; path = CollectionViewAutoHeightService.swift; sourceTree = "<group>"; };
		224BC11D224399CA00E30FD7 /* ComparableEnum.swift */ = {isa = PBXFileReference; fileEncoding = 4; lastKnownFileType = sourcecode.swift; path = ComparableEnum.swift; sourceTree = "<group>"; };
		B710972DDF7E0B67A5EA862A /* Pods-GridView.release.xcconfig */ = {isa = PBXFileReference; includeInIndex = 1; lastKnownFileType = text.xcconfig; name = "Pods-GridView.release.xcconfig"; path = "Target Support Files/Pods-GridView/Pods-GridView.release.xcconfig"; sourceTree = "<group>"; };
		E487EE3977F634B9824DD3F8 /* Pods_GridView.framework */ = {isa = PBXFileReference; explicitFileType = wrapper.framework; includeInIndex = 0; path = Pods_GridView.framework; sourceTree = BUILT_PRODUCTS_DIR; };
		E7DE33F029C28D970D5710BD /* Pods-GridView.debug.xcconfig */ = {isa = PBXFileReference; includeInIndex = 1; lastKnownFileType = text.xcconfig; name = "Pods-GridView.debug.xcconfig"; path = "Target Support Files/Pods-GridView/Pods-GridView.debug.xcconfig"; sourceTree = "<group>"; };
/* End PBXFileReference section */

/* Begin PBXFrameworksBuildPhase section */
		224BC0C6224341B000E30FD7 /* Frameworks */ = {
			isa = PBXFrameworksBuildPhase;
			buildActionMask = 2147483647;
			files = (
				BB414CE6CCDF15F48CE75072 /* Pods_GridView.framework in Frameworks */,
			);
			runOnlyForDeploymentPostprocessing = 0;
		};
/* End PBXFrameworksBuildPhase section */

/* Begin PBXGroup section */
		224BC0C0224341B000E30FD7 = {
			isa = PBXGroup;
			children = (
				224BC0CB224341B000E30FD7 /* GridView */,
				224BC0CA224341B000E30FD7 /* Products */,
				73BD1261997A46A7514797D0 /* Pods */,
				D631E79874885A5213AF13D3 /* Frameworks */,
			);
			sourceTree = "<group>";
		};
		224BC0CA224341B000E30FD7 /* Products */ = {
			isa = PBXGroup;
			children = (
				224BC0C9224341B000E30FD7 /* GridView.app */,
			);
			name = Products;
			sourceTree = "<group>";
		};
		224BC0CB224341B000E30FD7 /* GridView */ = {
			isa = PBXGroup;
			children = (
				224BC108224399CA00E30FD7 /* Constants */,
				224BC10F224399CA00E30FD7 /* Extension */,
				224BC116224399CA00E30FD7 /* Helpers */,
				224BC114224399CA00E30FD7 /* Model */,
				224BC1052243998400E30FD7 /* NibDesignable */,
				224BC0E0224397FC00E30FD7 /* Cells */,
				224BC0CC224341B000E30FD7 /* AppDelegate.swift */,
				224BC0CE224341B000E30FD7 /* ViewController.swift */,
				224BC0D0224341B000E30FD7 /* Main.storyboard */,
				224BC0D3224341B100E30FD7 /* Assets.xcassets */,
				224BC0D5224341B100E30FD7 /* LaunchScreen.storyboard */,
				224BC0D8224341B100E30FD7 /* Info.plist */,
				224BC0DE224341BC00E30FD7 /* FlowView.swift */,
			);
			path = GridView;
			sourceTree = "<group>";
		};
		224BC0E0224397FC00E30FD7 /* Cells */ = {
			isa = PBXGroup;
			children = (
				224BC0E1224397FC00E30FD7 /* ContactLeadCardHighlightView.xib */,
				224BC0E2224397FC00E30FD7 /* LeadCountView.swift */,
				224BC0E3224397FC00E30FD7 /* ContactLeadHighlightView.swift */,
				224BC0E4224397FC00E30FD7 /* ContactLeadNewCellSimple.xib */,
				224BC0E5224397FC00E30FD7 /* LeadCountView.xib */,
				224BC0E6224397FC00E30FD7 /* ContactLeadNewCell.xib */,
				224BC0E7224397FC00E30FD7 /* ContactLeadHighlightView.xib */,
				224BC0E8224397FC00E30FD7 /* ContactLeadCardIconsView.swift */,
				224BC0E9224397FC00E30FD7 /* AIATagView.xib */,
				224BC0EA224397FC00E30FD7 /* ContactLeadReminderRowView.swift */,
				224BC0EB224397FC00E30FD7 /* ContactLeadAppointmentRowView.xib */,
				224BC0EC224397FC00E30FD7 /* ContactLeadNewCell.swift */,
				224BC0ED224397FC00E30FD7 /* AIATagView.swift */,
				224BC0EE224397FC00E30FD7 /* ContactLeadReminderRowView.xib */,
				224BC0EF224397FC00E30FD7 /* ContactLeadAppointmentRowView.swift */,
				224BC0F0224397FC00E30FD7 /* ContactLeadNewCell_back.xib */,
				224BC0F1224397FC00E30FD7 /* ContactLeadCardHighlightView.swift */,
				224BC0F2224397FC00E30FD7 /* ContactLeadCardIconsView.xib */,
			);
			path = Cells;
			sourceTree = "<group>";
		};
		224BC1052243998400E30FD7 /* NibDesignable */ = {
			isa = PBXGroup;
			children = (
				224BC1062243999200E30FD7 /* NibDesignable.swift */,
			);
			path = NibDesignable;
			sourceTree = "<group>";
		};
		224BC108224399CA00E30FD7 /* Constants */ = {
			isa = PBXGroup;
			children = (
				224BC109224399CA00E30FD7 /* AIAEnums.swift */,
				224BC10A224399CA00E30FD7 /* AIATimeIntervalFormats.swift */,
				224BC10B224399CA00E30FD7 /* AIAMetrics.swift */,
				224BC10C224399CA00E30FD7 /* AIAColors.swift */,
				224BC10D224399CA00E30FD7 /* AIANumbers.swift */,
				224BC10E224399CA00E30FD7 /* AIADateFormats.swift */,
			);
			path = Constants;
			sourceTree = "<group>";
		};
		224BC10F224399CA00E30FD7 /* Extension */ = {
			isa = PBXGroup;
			children = (
				224BC110224399CA00E30FD7 /* UIColor+Extension.swift */,
				224BC111224399CA00E30FD7 /* UIView+Extension.swift */,
				224BC112224399CA00E30FD7 /* UIControl+Extension.swift */,
				224BC113224399CA00E30FD7 /* String+Extension.swift */,
			);
			path = Extension;
			sourceTree = "<group>";
		};
		224BC114224399CA00E30FD7 /* Model */ = {
			isa = PBXGroup;
			children = (
				224BC115224399CA00E30FD7 /* ContactLeadModel.swift */,
			);
			path = Model;
			sourceTree = "<group>";
		};
		224BC116224399CA00E30FD7 /* Helpers */ = {
			isa = PBXGroup;
			children = (
				224BC117224399CA00E30FD7 /* CaseInsenstiveAlphaNumericsStringEnum.swift */,
				224BC118224399CA00E30FD7 /* AssociatedObjectUtility.swift */,
				224BC119224399CA00E30FD7 /* CaseInsensitiveStringEnum.swift */,
				224BC11A224399CA00E30FD7 /* StringEnum.swift */,
				224BC11B224399CA00E30FD7 /* CaseInsensitiveWithoutSpaceStringEnum.swift */,
				224BC11C224399CA00E30FD7 /* CollectionViewAutoHeightService.swift */,
				224BC11D224399CA00E30FD7 /* ComparableEnum.swift */,
			);
			path = Helpers;
			sourceTree = "<group>";
		};
		73BD1261997A46A7514797D0 /* Pods */ = {
			isa = PBXGroup;
			children = (
				E7DE33F029C28D970D5710BD /* Pods-GridView.debug.xcconfig */,
				B710972DDF7E0B67A5EA862A /* Pods-GridView.release.xcconfig */,
			);
			path = Pods;
			sourceTree = "<group>";
		};
		D631E79874885A5213AF13D3 /* Frameworks */ = {
			isa = PBXGroup;
			children = (
				E487EE3977F634B9824DD3F8 /* Pods_GridView.framework */,
			);
			name = Frameworks;
			sourceTree = "<group>";
		};
/* End PBXGroup section */

/* Begin PBXNativeTarget section */
		224BC0C8224341B000E30FD7 /* GridView */ = {
			isa = PBXNativeTarget;
			buildConfigurationList = 224BC0DB224341B100E30FD7 /* Build configuration list for PBXNativeTarget "GridView" */;
			buildPhases = (
				17B3BB53F104D085FA1D88F6 /* [CP] Check Pods Manifest.lock */,
				224BC0C5224341B000E30FD7 /* Sources */,
				224BC0C6224341B000E30FD7 /* Frameworks */,
				224BC0C7224341B000E30FD7 /* Resources */,
				C59FB1368724205304D9FF7A /* [CP] Embed Pods Frameworks */,
			);
			buildRules = (
			);
			dependencies = (
			);
			name = GridView;
			productName = GridView;
			productReference = 224BC0C9224341B000E30FD7 /* GridView.app */;
			productType = "com.apple.product-type.application";
		};
/* End PBXNativeTarget section */

/* Begin PBXProject section */
		224BC0C1224341B000E30FD7 /* Project object */ = {
			isa = PBXProject;
			attributes = {
				LastSwiftUpdateCheck = 1010;
				LastUpgradeCheck = 1010;
				ORGANIZATIONNAME = "Yee Chuan Lee";
				TargetAttributes = {
					224BC0C8224341B000E30FD7 = {
						CreatedOnToolsVersion = 10.1;
					};
				};
			};
			buildConfigurationList = 224BC0C4224341B000E30FD7 /* Build configuration list for PBXProject "GridView" */;
			compatibilityVersion = "Xcode 9.3";
			developmentRegion = en;
			hasScannedForEncodings = 0;
			knownRegions = (
				en,
				Base,
			);
			mainGroup = 224BC0C0224341B000E30FD7;
			productRefGroup = 224BC0CA224341B000E30FD7 /* Products */;
			projectDirPath = "";
			projectRoot = "";
			targets = (
				224BC0C8224341B000E30FD7 /* GridView */,
			);
		};
/* End PBXProject section */

/* Begin PBXResourcesBuildPhase section */
		224BC0C7224341B000E30FD7 /* Resources */ = {
			isa = PBXResourcesBuildPhase;
			buildActionMask = 2147483647;
			files = (
				224BC0F3224397FC00E30FD7 /* ContactLeadCardHighlightView.xib in Resources */,
				224BC0D7224341B100E30FD7 /* LaunchScreen.storyboard in Resources */,
				224BC100224397FC00E30FD7 /* ContactLeadReminderRowView.xib in Resources */,
				224BC0F9224397FC00E30FD7 /* ContactLeadHighlightView.xib in Resources */,
				224BC104224397FC00E30FD7 /* ContactLeadCardIconsView.xib in Resources */,
				224BC0D4224341B100E30FD7 /* Assets.xcassets in Resources */,
				224BC0F6224397FC00E30FD7 /* ContactLeadNewCellSimple.xib in Resources */,
				224BC0F8224397FC00E30FD7 /* ContactLeadNewCell.xib in Resources */,
				224BC0F7224397FC00E30FD7 /* LeadCountView.xib in Resources */,
				224BC102224397FC00E30FD7 /* ContactLeadNewCell_back.xib in Resources */,
				224BC0FB224397FC00E30FD7 /* AIATagView.xib in Resources */,
				224BC0FD224397FC00E30FD7 /* ContactLeadAppointmentRowView.xib in Resources */,
				224BC0D2224341B000E30FD7 /* Main.storyboard in Resources */,
			);
			runOnlyForDeploymentPostprocessing = 0;
		};
/* End PBXResourcesBuildPhase section */

/* Begin PBXShellScriptBuildPhase section */
		17B3BB53F104D085FA1D88F6 /* [CP] Check Pods Manifest.lock */ = {
			isa = PBXShellScriptBuildPhase;
			buildActionMask = 2147483647;
			files = (
			);
			inputFileListPaths = (
			);
			inputPaths = (
				"${PODS_PODFILE_DIR_PATH}/Podfile.lock",
				"${PODS_ROOT}/Manifest.lock",
			);
			name = "[CP] Check Pods Manifest.lock";
			outputFileListPaths = (
			);
			outputPaths = (
				"$(DERIVED_FILE_DIR)/Pods-GridView-checkManifestLockResult.txt",
			);
			runOnlyForDeploymentPostprocessing = 0;
			shellPath = /bin/sh;
			shellScript = "diff \"${PODS_PODFILE_DIR_PATH}/Podfile.lock\" \"${PODS_ROOT}/Manifest.lock\" > /dev/null\nif [ $? != 0 ] ; then\n    # print error to STDERR\n    echo \"error: The sandbox is not in sync with the Podfile.lock. Run 'pod install' or update your CocoaPods installation.\" >&2\n    exit 1\nfi\n# This output is used by Xcode 'outputs' to avoid re-running this script phase.\necho \"SUCCESS\" > \"${SCRIPT_OUTPUT_FILE_0}\"\n";
			showEnvVarsInLog = 0;
		};
		C59FB1368724205304D9FF7A /* [CP] Embed Pods Frameworks */ = {
			isa = PBXShellScriptBuildPhase;
			buildActionMask = 2147483647;
			files = (
			);
			inputFileListPaths = (
			);
			inputPaths = (
				"${PODS_ROOT}/Target Support Files/Pods-GridView/Pods-GridView-frameworks.sh",
				"${BUILT_PRODUCTS_DIR}/MBProgressHUD/MBProgressHUD.framework",
				"${BUILT_PRODUCTS_DIR}/ObjcExceptionBridging/ObjcExceptionBridging.framework",
				"${BUILT_PRODUCTS_DIR}/RxCocoa/RxCocoa.framework",
				"${BUILT_PRODUCTS_DIR}/RxSwift/RxSwift.framework",
				"${BUILT_PRODUCTS_DIR}/SwiftDate/SwiftDate.framework",
				"${BUILT_PRODUCTS_DIR}/XCGLogger/XCGLogger.framework",
			);
			name = "[CP] Embed Pods Frameworks";
			outputFileListPaths = (
			);
			outputPaths = (
				"${TARGET_BUILD_DIR}/${FRAMEWORKS_FOLDER_PATH}/MBProgressHUD.framework",
				"${TARGET_BUILD_DIR}/${FRAMEWORKS_FOLDER_PATH}/ObjcExceptionBridging.framework",
				"${TARGET_BUILD_DIR}/${FRAMEWORKS_FOLDER_PATH}/RxCocoa.framework",
				"${TARGET_BUILD_DIR}/${FRAMEWORKS_FOLDER_PATH}/RxSwift.framework",
				"${TARGET_BUILD_DIR}/${FRAMEWORKS_FOLDER_PATH}/SwiftDate.framework",
				"${TARGET_BUILD_DIR}/${FRAMEWORKS_FOLDER_PATH}/XCGLogger.framework",
			);
			runOnlyForDeploymentPostprocessing = 0;
			shellPath = /bin/sh;
			shellScript = "\"${PODS_ROOT}/Target Support Files/Pods-GridView/Pods-GridView-frameworks.sh\"\n";
			showEnvVarsInLog = 0;
		};
/* End PBXShellScriptBuildPhase section */

/* Begin PBXSourcesBuildPhase section */
		224BC0C5224341B000E30FD7 /* Sources */ = {
			isa = PBXSourcesBuildPhase;
			buildActionMask = 2147483647;
			files = (
				224BC120224399CA00E30FD7 /* AIAMetrics.swift in Sources */,
				224BC124224399CA00E30FD7 /* UIColor+Extension.swift in Sources */,
				224BC129224399CA00E30FD7 /* CaseInsenstiveAlphaNumericsStringEnum.swift in Sources */,
				224BC11E224399CA00E30FD7 /* AIAEnums.swift in Sources */,
				224BC12E224399CA00E30FD7 /* CollectionViewAutoHeightService.swift in Sources */,
				224BC123224399CA00E30FD7 /* AIADateFormats.swift in Sources */,
				224BC0FA224397FC00E30FD7 /* ContactLeadCardIconsView.swift in Sources */,
				224BC1072243999200E30FD7 /* NibDesignable.swift in Sources */,
				224BC0F4224397FC00E30FD7 /* LeadCountView.swift in Sources */,
				224BC126224399CA00E30FD7 /* UIControl+Extension.swift in Sources */,
				224BC0CF224341B000E30FD7 /* ViewController.swift in Sources */,
				224BC12C224399CA00E30FD7 /* StringEnum.swift in Sources */,
				224BC12D224399CA00E30FD7 /* CaseInsensitiveWithoutSpaceStringEnum.swift in Sources */,
				224BC12A224399CA00E30FD7 /* AssociatedObjectUtility.swift in Sources */,
				224BC12B224399CA00E30FD7 /* CaseInsensitiveStringEnum.swift in Sources */,
				224BC122224399CA00E30FD7 /* AIANumbers.swift in Sources */,
				224BC0FF224397FC00E30FD7 /* AIATagView.swift in Sources */,
				224BC121224399CA00E30FD7 /* AIAColors.swift in Sources */,
				224BC127224399CA00E30FD7 /* String+Extension.swift in Sources */,
				224BC101224397FC00E30FD7 /* ContactLeadAppointmentRowView.swift in Sources */,
				224BC12F224399CA00E30FD7 /* ComparableEnum.swift in Sources */,
				224BC0F5224397FC00E30FD7 /* ContactLeadHighlightView.swift in Sources */,
				224BC0DF224341BC00E30FD7 /* FlowView.swift in Sources */,
				224BC0CD224341B000E30FD7 /* AppDelegate.swift in Sources */,
				224BC0FC224397FC00E30FD7 /* ContactLeadReminderRowView.swift in Sources */,
				224BC0FE224397FC00E30FD7 /* ContactLeadNewCell.swift in Sources */,
				224BC11F224399CA00E30FD7 /* AIATimeIntervalFormats.swift in Sources */,
				224BC125224399CA00E30FD7 /* UIView+Extension.swift in Sources */,
				224BC128224399CA00E30FD7 /* ContactLeadModel.swift in Sources */,
				224BC103224397FC00E30FD7 /* ContactLeadCardHighlightView.swift in Sources */,
			);
			runOnlyForDeploymentPostprocessing = 0;
		};
/* End PBXSourcesBuildPhase section */

/* Begin PBXVariantGroup section */
		224BC0D0224341B000E30FD7 /* Main.storyboard */ = {
			isa = PBXVariantGroup;
			children = (
				224BC0D1224341B000E30FD7 /* Base */,
			);
			name = Main.storyboard;
			sourceTree = "<group>";
		};
		224BC0D5224341B100E30FD7 /* LaunchScreen.storyboard */ = {
			isa = PBXVariantGroup;
			children = (
				224BC0D6224341B100E30FD7 /* Base */,
			);
			name = LaunchScreen.storyboard;
			sourceTree = "<group>";
		};
/* End PBXVariantGroup section */

/* Begin XCBuildConfiguration section */
		224BC0D9224341B100E30FD7 /* Debug */ = {
			isa = XCBuildConfiguration;
			buildSettings = {
				ALWAYS_SEARCH_USER_PATHS = NO;
				CLANG_ANALYZER_NONNULL = YES;
				CLANG_ANALYZER_NUMBER_OBJECT_CONVERSION = YES_AGGRESSIVE;
				CLANG_CXX_LANGUAGE_STANDARD = "gnu++14";
				CLANG_CXX_LIBRARY = "libc++";
				CLANG_ENABLE_MODULES = YES;
				CLANG_ENABLE_OBJC_ARC = YES;
				CLANG_ENABLE_OBJC_WEAK = YES;
				CLANG_WARN_BLOCK_CAPTURE_AUTORELEASING = YES;
				CLANG_WARN_BOOL_CONVERSION = YES;
				CLANG_WARN_COMMA = YES;
				CLANG_WARN_CONSTANT_CONVERSION = YES;
				CLANG_WARN_DEPRECATED_OBJC_IMPLEMENTATIONS = YES;
				CLANG_WARN_DIRECT_OBJC_ISA_USAGE = YES_ERROR;
				CLANG_WARN_DOCUMENTATION_COMMENTS = YES;
				CLANG_WARN_EMPTY_BODY = YES;
				CLANG_WARN_ENUM_CONVERSION = YES;
				CLANG_WARN_INFINITE_RECURSION = YES;
				CLANG_WARN_INT_CONVERSION = YES;
				CLANG_WARN_NON_LITERAL_NULL_CONVERSION = YES;
				CLANG_WARN_OBJC_IMPLICIT_RETAIN_SELF = YES;
				CLANG_WARN_OBJC_LITERAL_CONVERSION = YES;
				CLANG_WARN_OBJC_ROOT_CLASS = YES_ERROR;
				CLANG_WARN_RANGE_LOOP_ANALYSIS = YES;
				CLANG_WARN_STRICT_PROTOTYPES = YES;
				CLANG_WARN_SUSPICIOUS_MOVE = YES;
				CLANG_WARN_UNGUARDED_AVAILABILITY = YES_AGGRESSIVE;
				CLANG_WARN_UNREACHABLE_CODE = YES;
				CLANG_WARN__DUPLICATE_METHOD_MATCH = YES;
				CODE_SIGN_IDENTITY = "iPhone Developer";
				COPY_PHASE_STRIP = NO;
				DEBUG_INFORMATION_FORMAT = dwarf;
				ENABLE_STRICT_OBJC_MSGSEND = YES;
				ENABLE_TESTABILITY = YES;
				GCC_C_LANGUAGE_STANDARD = gnu11;
				GCC_DYNAMIC_NO_PIC = NO;
				GCC_NO_COMMON_BLOCKS = YES;
				GCC_OPTIMIZATION_LEVEL = 0;
				GCC_PREPROCESSOR_DEFINITIONS = (
					"DEBUG=1",
					"$(inherited)",
				);
				GCC_WARN_64_TO_32_BIT_CONVERSION = YES;
				GCC_WARN_ABOUT_RETURN_TYPE = YES_ERROR;
				GCC_WARN_UNDECLARED_SELECTOR = YES;
				GCC_WARN_UNINITIALIZED_AUTOS = YES_AGGRESSIVE;
				GCC_WARN_UNUSED_FUNCTION = YES;
				GCC_WARN_UNUSED_VARIABLE = YES;
				IPHONEOS_DEPLOYMENT_TARGET = 12.1;
				MTL_ENABLE_DEBUG_INFO = INCLUDE_SOURCE;
				MTL_FAST_MATH = YES;
				ONLY_ACTIVE_ARCH = YES;
				SDKROOT = iphoneos;
				SWIFT_ACTIVE_COMPILATION_CONDITIONS = DEBUG;
				SWIFT_OPTIMIZATION_LEVEL = "-Onone";
			};
			name = Debug;
		};
		224BC0DA224341B100E30FD7 /* Release */ = {
			isa = XCBuildConfiguration;
			buildSettings = {
				ALWAYS_SEARCH_USER_PATHS = NO;
				CLANG_ANALYZER_NONNULL = YES;
				CLANG_ANALYZER_NUMBER_OBJECT_CONVERSION = YES_AGGRESSIVE;
				CLANG_CXX_LANGUAGE_STANDARD = "gnu++14";
				CLANG_CXX_LIBRARY = "libc++";
				CLANG_ENABLE_MODULES = YES;
				CLANG_ENABLE_OBJC_ARC = YES;
				CLANG_ENABLE_OBJC_WEAK = YES;
				CLANG_WARN_BLOCK_CAPTURE_AUTORELEASING = YES;
				CLANG_WARN_BOOL_CONVERSION = YES;
				CLANG_WARN_COMMA = YES;
				CLANG_WARN_CONSTANT_CONVERSION = YES;
				CLANG_WARN_DEPRECATED_OBJC_IMPLEMENTATIONS = YES;
				CLANG_WARN_DIRECT_OBJC_ISA_USAGE = YES_ERROR;
				CLANG_WARN_DOCUMENTATION_COMMENTS = YES;
				CLANG_WARN_EMPTY_BODY = YES;
				CLANG_WARN_ENUM_CONVERSION = YES;
				CLANG_WARN_INFINITE_RECURSION = YES;
				CLANG_WARN_INT_CONVERSION = YES;
				CLANG_WARN_NON_LITERAL_NULL_CONVERSION = YES;
				CLANG_WARN_OBJC_IMPLICIT_RETAIN_SELF = YES;
				CLANG_WARN_OBJC_LITERAL_CONVERSION = YES;
				CLANG_WARN_OBJC_ROOT_CLASS = YES_ERROR;
				CLANG_WARN_RANGE_LOOP_ANALYSIS = YES;
				CLANG_WARN_STRICT_PROTOTYPES = YES;
				CLANG_WARN_SUSPICIOUS_MOVE = YES;
				CLANG_WARN_UNGUARDED_AVAILABILITY = YES_AGGRESSIVE;
				CLANG_WARN_UNREACHABLE_CODE = YES;
				CLANG_WARN__DUPLICATE_METHOD_MATCH = YES;
				CODE_SIGN_IDENTITY = "iPhone Developer";
				COPY_PHASE_STRIP = NO;
				DEBUG_INFORMATION_FORMAT = "dwarf-with-dsym";
				ENABLE_NS_ASSERTIONS = NO;
				ENABLE_STRICT_OBJC_MSGSEND = YES;
				GCC_C_LANGUAGE_STANDARD = gnu11;
				GCC_NO_COMMON_BLOCKS = YES;
				GCC_WARN_64_TO_32_BIT_CONVERSION = YES;
				GCC_WARN_ABOUT_RETURN_TYPE = YES_ERROR;
				GCC_WARN_UNDECLARED_SELECTOR = YES;
				GCC_WARN_UNINITIALIZED_AUTOS = YES_AGGRESSIVE;
				GCC_WARN_UNUSED_FUNCTION = YES;
				GCC_WARN_UNUSED_VARIABLE = YES;
				IPHONEOS_DEPLOYMENT_TARGET = 12.1;
				MTL_ENABLE_DEBUG_INFO = NO;
				MTL_FAST_MATH = YES;
				SDKROOT = iphoneos;
				SWIFT_COMPILATION_MODE = wholemodule;
				SWIFT_OPTIMIZATION_LEVEL = "-O";
				VALIDATE_PRODUCT = YES;
			};
			name = Release;
		};
		224BC0DC224341B100E30FD7 /* Debug */ = {
			isa = XCBuildConfiguration;
			baseConfigurationReference = E7DE33F029C28D970D5710BD /* Pods-GridView.debug.xcconfig */;
			buildSettings = {
				ASSETCATALOG_COMPILER_APPICON_NAME = AppIcon;
				CODE_SIGN_STYLE = Automatic;
				DEVELOPMENT_TEAM = K5J7BB7M8F;
				INFOPLIST_FILE = GridView/Info.plist;
				IPHONEOS_DEPLOYMENT_TARGET = 11.0;
				LD_RUNPATH_SEARCH_PATHS = (
					"$(inherited)",
					"@executable_path/Frameworks",
				);
				PRODUCT_BUNDLE_IDENTIFIER = com.uberfusion.GridView;
				PRODUCT_NAME = "$(TARGET_NAME)";
				SWIFT_VERSION = 4.2;
				TARGETED_DEVICE_FAMILY = "1,2";
			};
			name = Debug;
		};
		224BC0DD224341B100E30FD7 /* Release */ = {
			isa = XCBuildConfiguration;
			baseConfigurationReference = B710972DDF7E0B67A5EA862A /* Pods-GridView.release.xcconfig */;
			buildSettings = {
				ASSETCATALOG_COMPILER_APPICON_NAME = AppIcon;
				CODE_SIGN_STYLE = Automatic;
				DEVELOPMENT_TEAM = K5J7BB7M8F;
				INFOPLIST_FILE = GridView/Info.plist;
				IPHONEOS_DEPLOYMENT_TARGET = 11.0;
				LD_RUNPATH_SEARCH_PATHS = (
					"$(inherited)",
					"@executable_path/Frameworks",
				);
				PRODUCT_BUNDLE_IDENTIFIER = com.uberfusion.GridView;
				PRODUCT_NAME = "$(TARGET_NAME)";
				SWIFT_VERSION = 4.2;
				TARGETED_DEVICE_FAMILY = "1,2";
			};
			name = Release;
		};
/* End XCBuildConfiguration section */

/* Begin XCConfigurationList section */
		224BC0C4224341B000E30FD7 /* Build configuration list for PBXProject "GridView" */ = {
			isa = XCConfigurationList;
			buildConfigurations = (
				224BC0D9224341B100E30FD7 /* Debug */,
				224BC0DA224341B100E30FD7 /* Release */,
			);
			defaultConfigurationIsVisible = 0;
			defaultConfigurationName = Release;
		};
		224BC0DB224341B100E30FD7 /* Build configuration list for PBXNativeTarget "GridView" */ = {
			isa = XCConfigurationList;
			buildConfigurations = (
				224BC0DC224341B100E30FD7 /* Debug */,
				224BC0DD224341B100E30FD7 /* Release */,
			);
			defaultConfigurationIsVisible = 0;
			defaultConfigurationName = Release;
		};
/* End XCConfigurationList section */
	};
	rootObject = 224BC0C1224341B000E30FD7 /* Project object */;
}
